
Microsoft Visual Studio Solution File, Format Version 12.00
# Visual Studio Version 16
VisualStudioVersion = 16.0.30907.101
MinimumVisualStudioVersion = 10.0.40219.1
Project("{9A19103F-16F7-4668-BE54-9A1E7A4F7556}") = "AdventOfCode", "AdventOfCode7\AdventOfCode.csproj", "{469FB521-42F5-4539-95DD-FBFFC48A16F3}"
EndProject
Global
	GlobalSection(SolutionConfigurationPlatforms) = preSolution
		Debug|Any CPU = Debug|Any CPU
		Release|Any CPU = Release|Any CPU
	EndGlobalSection
	GlobalSection(ProjectConfigurationPlatforms) = postSolution
		{469FB521-42F5-4539-95DD-FBFFC48A16F3}.Debug|Any CPU.ActiveCfg = Debug|Any CPU
		{469FB521-42F5-4539-95DD-FBFFC48A16F3}.Debug|Any CPU.Build.0 = Debug|Any CPU
		{469FB521-42F5-4539-95DD-FBFFC48A16F3}.Release|Any CPU.ActiveCfg = Release|Any CPU
		{469FB521-42F5-4539-95DD-FBFFC48A16F3}.Release|Any CPU.Build.0 = Release|Any CPU
	EndGlobalSection
	GlobalSection(SolutionProperties) = preSolution
		HideSolutionNode = FALSE
	EndGlobalSection
	GlobalSection(ExtensibilityGlobals) = postSolution
		SolutionGuid = {34915C50-6EA5-4D37-A607-EBD570A11A3D}
	EndGlobalSection
EndGlobal
